
Microsoft Visual Studio Solution File, Format Version 12.00
# Visual Studio 15
VisualStudioVersion = 15.0.27004.2006
MinimumVisualStudioVersion = 10.0.40219.1
Project("{FAE04EC0-301F-11D3-BF4B-00C04F79EFBC}") = "TestTask", "TestTask\TestTask.csproj", "{1EF00EDC-403F-43F9-9549-71E27E908492}"
EndProject
Project("{FAE04EC0-301F-11D3-BF4B-00C04F79EFBC}") = "TestTask.tests", "TestTask.tests\TestTask.tests.csproj", "{2421C7F7-A22A-4CAB-9B72-C4DB88EFB47D}"
EndProject
Global
	GlobalSection(SolutionConfigurationPlatforms) = preSolution
		Debug|Any CPU = Debug|Any CPU
		Release|Any CPU = Release|Any CPU
	EndGlobalSection
	GlobalSection(ProjectConfigurationPlatforms) = postSolution
		{1EF00EDC-403F-43F9-9549-71E27E908492}.Debug|Any CPU.ActiveCfg = Debug|Any CPU
		{1EF00EDC-403F-43F9-9549-71E27E908492}.Debug|Any CPU.Build.0 = Debug|Any CPU
		{1EF00EDC-403F-43F9-9549-71E27E908492}.Release|Any CPU.ActiveCfg = Release|Any CPU
		{1EF00EDC-403F-43F9-9549-71E27E908492}.Release|Any CPU.Build.0 = Release|Any CPU
		{2421C7F7-A22A-4CAB-9B72-C4DB88EFB47D}.Debug|Any CPU.ActiveCfg = Debug|Any CPU
		{2421C7F7-A22A-4CAB-9B72-C4DB88EFB47D}.Debug|Any CPU.Build.0 = Debug|Any CPU
		{2421C7F7-A22A-4CAB-9B72-C4DB88EFB47D}.Release|Any CPU.ActiveCfg = Release|Any CPU
		{2421C7F7-A22A-4CAB-9B72-C4DB88EFB47D}.Release|Any CPU.Build.0 = Release|Any CPU
	EndGlobalSection
	GlobalSection(SolutionProperties) = preSolution
		HideSolutionNode = FALSE
	EndGlobalSection
	GlobalSection(ExtensibilityGlobals) = postSolution
		SolutionGuid = {8F6404D6-B8AB-4DA3-935C-974150C09ED6}
	EndGlobalSection
EndGlobal
